
Microsoft Visual Studio Solution File, Format Version 12.00
# Visual Studio Version 16
VisualStudioVersion = 16.0.29324.140
MinimumVisualStudioVersion = 10.0.40219.1
Project("{FAE04EC0-301F-11D3-BF4B-00C04F79EFBC}") = "Interface", "Interfacy\Interface.csproj", "{0B8ADF7C-6905-445E-AB32-7611EB8F0612}"
EndProject
Global
	GlobalSection(SolutionConfigurationPlatforms) = preSolution
		Debug|Any CPU = Debug|Any CPU
		Release|Any CPU = Release|Any CPU
	EndGlobalSection
	GlobalSection(ProjectConfigurationPlatforms) = postSolution
		{0B8ADF7C-6905-445E-AB32-7611EB8F0612}.Debug|Any CPU.ActiveCfg = Debug|Any CPU
		{0B8ADF7C-6905-445E-AB32-7611EB8F0612}.Debug|Any CPU.Build.0 = Debug|Any CPU
		{0B8ADF7C-6905-445E-AB32-7611EB8F0612}.Release|Any CPU.ActiveCfg = Release|Any CPU
		{0B8ADF7C-6905-445E-AB32-7611EB8F0612}.Release|Any CPU.Build.0 = Release|Any CPU
	EndGlobalSection
	GlobalSection(SolutionProperties) = preSolution
		HideSolutionNode = FALSE
	EndGlobalSection
	GlobalSection(ExtensibilityGlobals) = postSolution
		SolutionGuid = {0190F936-AE02-4CB3-97C6-C72CAE328ED4}
	EndGlobalSection
EndGlobal
